
Microsoft Visual Studio Solution File, Format Version 12.00
Project("{FAE04EC0-301F-11D3-BF4B-00C04F79EFBC}") = "CleanArchMvc.Domain", "CleanArchMvc.Domain\CleanArchMvc.Domain.csproj", "{5C24C105-B463-4202-AD39-F791272C9101}"
EndProject
Project("{FAE04EC0-301F-11D3-BF4B-00C04F79EFBC}") = "CleanArchMvc.Application", "CleanArchMvc.Application\CleanArchMvc.Application.csproj", "{E6779E36-2AD5-413D-B317-18E9BB892504}"
EndProject
Project("{FAE04EC0-301F-11D3-BF4B-00C04F79EFBC}") = "CleanArchMvc.Infra.Data", "CleanArchMvc.Infra.Data\CleanArchMvc.Infra.Data.csproj", "{60A859AE-F62A-44EB-8C97-9B76E3104877}"
EndProject
Project("{FAE04EC0-301F-11D3-BF4B-00C04F79EFBC}") = "CleanArchMvc.Infra.IoC", "CleanArchMvc.Infra.IoC\CleanArchMvc.Infra.IoC.csproj", "{8FDD5061-B7A6-45F2-92C4-78663207CD13}"
EndProject
Project("{FAE04EC0-301F-11D3-BF4B-00C04F79EFBC}") = "CleanArchMvc.MvcUI", "CleanArchMvc.MvcUI\CleanArchMvc.MvcUI.csproj", "{BFE15205-B78B-4574-92FD-25C2425BDC23}"
EndProject
Project("{FAE04EC0-301F-11D3-BF4B-00C04F79EFBC}") = "CleanArchMvc.Domain.Tests", "CleanArchMvc.Domain.Tests\CleanArchMvc.Domain.Tests.csproj", "{337B6900-5CF4-42FD-9FD6-921A2347F26A}"
EndProject
Global
	GlobalSection(SolutionConfigurationPlatforms) = preSolution
		Debug|Any CPU = Debug|Any CPU
		Release|Any CPU = Release|Any CPU
	EndGlobalSection
	GlobalSection(ProjectConfigurationPlatforms) = postSolution
		{5C24C105-B463-4202-AD39-F791272C9101}.Debug|Any CPU.ActiveCfg = Debug|Any CPU
		{5C24C105-B463-4202-AD39-F791272C9101}.Debug|Any CPU.Build.0 = Debug|Any CPU
		{5C24C105-B463-4202-AD39-F791272C9101}.Release|Any CPU.ActiveCfg = Release|Any CPU
		{5C24C105-B463-4202-AD39-F791272C9101}.Release|Any CPU.Build.0 = Release|Any CPU
		{E6779E36-2AD5-413D-B317-18E9BB892504}.Debug|Any CPU.ActiveCfg = Debug|Any CPU
		{E6779E36-2AD5-413D-B317-18E9BB892504}.Debug|Any CPU.Build.0 = Debug|Any CPU
		{E6779E36-2AD5-413D-B317-18E9BB892504}.Release|Any CPU.ActiveCfg = Release|Any CPU
		{E6779E36-2AD5-413D-B317-18E9BB892504}.Release|Any CPU.Build.0 = Release|Any CPU
		{60A859AE-F62A-44EB-8C97-9B76E3104877}.Debug|Any CPU.ActiveCfg = Debug|Any CPU
		{60A859AE-F62A-44EB-8C97-9B76E3104877}.Debug|Any CPU.Build.0 = Debug|Any CPU
		{60A859AE-F62A-44EB-8C97-9B76E3104877}.Release|Any CPU.ActiveCfg = Release|Any CPU
		{60A859AE-F62A-44EB-8C97-9B76E3104877}.Release|Any CPU.Build.0 = Release|Any CPU
		{8FDD5061-B7A6-45F2-92C4-78663207CD13}.Debug|Any CPU.ActiveCfg = Debug|Any CPU
		{8FDD5061-B7A6-45F2-92C4-78663207CD13}.Debug|Any CPU.Build.0 = Debug|Any CPU
		{8FDD5061-B7A6-45F2-92C4-78663207CD13}.Release|Any CPU.ActiveCfg = Release|Any CPU
		{8FDD5061-B7A6-45F2-92C4-78663207CD13}.Release|Any CPU.Build.0 = Release|Any CPU
		{BFE15205-B78B-4574-92FD-25C2425BDC23}.Debug|Any CPU.ActiveCfg = Debug|Any CPU
		{BFE15205-B78B-4574-92FD-25C2425BDC23}.Debug|Any CPU.Build.0 = Debug|Any CPU
		{BFE15205-B78B-4574-92FD-25C2425BDC23}.Release|Any CPU.ActiveCfg = Release|Any CPU
		{BFE15205-B78B-4574-92FD-25C2425BDC23}.Release|Any CPU.Build.0 = Release|Any CPU
		{337B6900-5CF4-42FD-9FD6-921A2347F26A}.Debug|Any CPU.ActiveCfg = Debug|Any CPU
		{337B6900-5CF4-42FD-9FD6-921A2347F26A}.Debug|Any CPU.Build.0 = Debug|Any CPU
		{337B6900-5CF4-42FD-9FD6-921A2347F26A}.Release|Any CPU.ActiveCfg = Release|Any CPU
		{337B6900-5CF4-42FD-9FD6-921A2347F26A}.Release|Any CPU.Build.0 = Release|Any CPU
	EndGlobalSection
EndGlobal
